
Microsoft Visual Studio Solution File, Format Version 12.00
# Visual Studio Version 16
VisualStudioVersion = 16.0.30621.155
MinimumVisualStudioVersion = 10.0.40219.1
Project("{FAE04EC0-301F-11D3-BF4B-00C04F79EFBC}") = "AddressBookProblemLINQ", "AddressBookProblemLINQ\AddressBookProblemLINQ.csproj", "{296D4426-476C-48E5-B3C4-4C5E5947524D}"
EndProject
Global
	GlobalSection(SolutionConfigurationPlatforms) = preSolution
		Debug|Any CPU = Debug|Any CPU
		Release|Any CPU = Release|Any CPU
	EndGlobalSection
	GlobalSection(ProjectConfigurationPlatforms) = postSolution
		{296D4426-476C-48E5-B3C4-4C5E5947524D}.Debug|Any CPU.ActiveCfg = Debug|Any CPU
		{296D4426-476C-48E5-B3C4-4C5E5947524D}.Debug|Any CPU.Build.0 = Debug|Any CPU
		{296D4426-476C-48E5-B3C4-4C5E5947524D}.Release|Any CPU.ActiveCfg = Release|Any CPU
		{296D4426-476C-48E5-B3C4-4C5E5947524D}.Release|Any CPU.Build.0 = Release|Any CPU
	EndGlobalSection
	GlobalSection(SolutionProperties) = preSolution
		HideSolutionNode = FALSE
	EndGlobalSection
	GlobalSection(ExtensibilityGlobals) = postSolution
		SolutionGuid = {30D7596E-6D91-4E4C-B3CE-DD873418739E}
	EndGlobalSection
EndGlobal
